
Microsoft Visual Studio Solution File, Format Version 12.00
# Visual Studio 15
VisualStudioVersion = 15.0.28010.2036
MinimumVisualStudioVersion = 10.0.40219.1
Project("{F184B08F-C81C-45F6-A57F-5ABD9991F28F}") = "GitLearning", "GitLearning\GitLearning.vbproj", "{1CAC0CA0-4E22-437D-A206-ACA99BF47266}"
EndProject
Global
	GlobalSection(SolutionConfigurationPlatforms) = preSolution
		Debug|Any CPU = Debug|Any CPU
		Release|Any CPU = Release|Any CPU
	EndGlobalSection
	GlobalSection(ProjectConfigurationPlatforms) = postSolution
		{1CAC0CA0-4E22-437D-A206-ACA99BF47266}.Debug|Any CPU.ActiveCfg = Debug|Any CPU
		{1CAC0CA0-4E22-437D-A206-ACA99BF47266}.Debug|Any CPU.Build.0 = Debug|Any CPU
		{1CAC0CA0-4E22-437D-A206-ACA99BF47266}.Release|Any CPU.ActiveCfg = Release|Any CPU
		{1CAC0CA0-4E22-437D-A206-ACA99BF47266}.Release|Any CPU.Build.0 = Release|Any CPU
	EndGlobalSection
	GlobalSection(SolutionProperties) = preSolution
		HideSolutionNode = FALSE
	EndGlobalSection
	GlobalSection(ExtensibilityGlobals) = postSolution
		SolutionGuid = {AB558ABF-E6FB-4522-A563-982E87964B0A}
	EndGlobalSection
EndGlobal
